
Microsoft Visual Studio Solution File, Format Version 12.00
# Visual Studio Version 17
VisualStudioVersion = 17.0.31903.59
MinimumVisualStudioVersion = 10.0.40219.1
Project("{2150E333-8FDC-42A3-9474-1A3956D46DE8}") = "src", "src", "{827E0CD3-B72D-47B6-A68D-7590B98EB39B}"
EndProject
Project("{FAE04EC0-301F-11D3-BF4B-00C04F79EFBC}") = "ClaudeAgentSdk", "src\ClaudeAgentSdk\ClaudeAgentSdk.csproj", "{1640A021-7521-4426-A49A-151B210E4757}"
EndProject
Project("{2150E333-8FDC-42A3-9474-1A3956D46DE8}") = "tests", "tests", "{0AB3BF05-4346-4AA6-1389-037BE0695223}"
EndProject
Project("{FAE04EC0-301F-11D3-BF4B-00C04F79EFBC}") = "ClaudeAgentSdk.Tests", "tests\ClaudeAgentSdk.Tests\ClaudeAgentSdk.Tests.csproj", "{257680A8-1819-4C67-8610-F87DA03790C6}"
EndProject
Project("{2150E333-8FDC-42A3-9474-1A3956D46DE8}") = "examples", "examples", "{B36A84DF-456D-A817-6EDD-3EC3E7F6E11F}"
EndProject
Project("{FAE04EC0-301F-11D3-BF4B-00C04F79EFBC}") = "QuickStart", "examples\QuickStart\QuickStart.csproj", "{13B66F8F-DE1D-4568-BF06-0E0B26F8459F}"
EndProject
Project("{FAE04EC0-301F-11D3-BF4B-00C04F79EFBC}") = "ClaudeChat", "examples\ClaudeChat\ClaudeChat.csproj", "{6A331415-2C41-4B25-A4F2-E41D95EF997B}"
EndProject
Project("{FAE04EC0-301F-11D3-BF4B-00C04F79EFBC}") = "ExtensionsAI", "examples\ExtensionsAI\ExtensionsAI.csproj", "{9C7D4A1E-5F3B-4C8E-A9D1-2E8F6B4C3A7D}"
EndProject
Global
	GlobalSection(SolutionConfigurationPlatforms) = preSolution
		Debug|Any CPU = Debug|Any CPU
		Debug|x64 = Debug|x64
		Debug|x86 = Debug|x86
		Release|Any CPU = Release|Any CPU
		Release|x64 = Release|x64
		Release|x86 = Release|x86
	EndGlobalSection
	GlobalSection(ProjectConfigurationPlatforms) = postSolution
		{1640A021-7521-4426-A49A-151B210E4757}.Debug|Any CPU.ActiveCfg = Debug|Any CPU
		{1640A021-7521-4426-A49A-151B210E4757}.Debug|Any CPU.Build.0 = Debug|Any CPU
		{1640A021-7521-4426-A49A-151B210E4757}.Debug|x64.ActiveCfg = Debug|Any CPU
		{1640A021-7521-4426-A49A-151B210E4757}.Debug|x64.Build.0 = Debug|Any CPU
		{1640A021-7521-4426-A49A-151B210E4757}.Debug|x86.ActiveCfg = Debug|Any CPU
		{1640A021-7521-4426-A49A-151B210E4757}.Debug|x86.Build.0 = Debug|Any CPU
		{1640A021-7521-4426-A49A-151B210E4757}.Release|Any CPU.ActiveCfg = Release|Any CPU
		{1640A021-7521-4426-A49A-151B210E4757}.Release|Any CPU.Build.0 = Release|Any CPU
		{1640A021-7521-4426-A49A-151B210E4757}.Release|x64.ActiveCfg = Release|Any CPU
		{1640A021-7521-4426-A49A-151B210E4757}.Release|x64.Build.0 = Release|Any CPU
		{1640A021-7521-4426-A49A-151B210E4757}.Release|x86.ActiveCfg = Release|Any CPU
		{1640A021-7521-4426-A49A-151B210E4757}.Release|x86.Build.0 = Release|Any CPU
		{257680A8-1819-4C67-8610-F87DA03790C6}.Debug|Any CPU.ActiveCfg = Debug|Any CPU
		{257680A8-1819-4C67-8610-F87DA03790C6}.Debug|Any CPU.Build.0 = Debug|Any CPU
		{257680A8-1819-4C67-8610-F87DA03790C6}.Debug|x64.ActiveCfg = Debug|Any CPU
		{257680A8-1819-4C67-8610-F87DA03790C6}.Debug|x64.Build.0 = Debug|Any CPU
		{257680A8-1819-4C67-8610-F87DA03790C6}.Debug|x86.ActiveCfg = Debug|Any CPU
		{257680A8-1819-4C67-8610-F87DA03790C6}.Debug|x86.Build.0 = Debug|Any CPU
		{257680A8-1819-4C67-8610-F87DA03790C6}.Release|Any CPU.ActiveCfg = Release|Any CPU
		{257680A8-1819-4C67-8610-F87DA03790C6}.Release|Any CPU.Build.0 = Release|Any CPU
		{257680A8-1819-4C67-8610-F87DA03790C6}.Release|x64.ActiveCfg = Release|Any CPU
		{257680A8-1819-4C67-8610-F87DA03790C6}.Release|x64.Build.0 = Release|Any CPU
		{257680A8-1819-4C67-8610-F87DA03790C6}.Release|x86.ActiveCfg = Release|Any CPU
		{257680A8-1819-4C67-8610-F87DA03790C6}.Release|x86.Build.0 = Release|Any CPU
		{13B66F8F-DE1D-4568-BF06-0E0B26F8459F}.Debug|Any CPU.ActiveCfg = Debug|Any CPU
		{13B66F8F-DE1D-4568-BF06-0E0B26F8459F}.Debug|Any CPU.Build.0 = Debug|Any CPU
		{13B66F8F-DE1D-4568-BF06-0E0B26F8459F}.Debug|x64.ActiveCfg = Debug|Any CPU
		{13B66F8F-DE1D-4568-BF06-0E0B26F8459F}.Debug|x64.Build.0 = Debug|Any CPU
		{13B66F8F-DE1D-4568-BF06-0E0B26F8459F}.Debug|x86.ActiveCfg = Debug|Any CPU
		{13B66F8F-DE1D-4568-BF06-0E0B26F8459F}.Debug|x86.Build.0 = Debug|Any CPU
		{13B66F8F-DE1D-4568-BF06-0E0B26F8459F}.Release|Any CPU.ActiveCfg = Release|Any CPU
		{13B66F8F-DE1D-4568-BF06-0E0B26F8459F}.Release|Any CPU.Build.0 = Release|Any CPU
		{13B66F8F-DE1D-4568-BF06-0E0B26F8459F}.Release|x64.ActiveCfg = Release|Any CPU
		{13B66F8F-DE1D-4568-BF06-0E0B26F8459F}.Release|x64.Build.0 = Release|Any CPU
		{13B66F8F-DE1D-4568-BF06-0E0B26F8459F}.Release|x86.ActiveCfg = Release|Any CPU
		{13B66F8F-DE1D-4568-BF06-0E0B26F8459F}.Release|x86.Build.0 = Release|Any CPU
		{6A331415-2C41-4B25-A4F2-E41D95EF997B}.Debug|Any CPU.ActiveCfg = Debug|Any CPU
		{6A331415-2C41-4B25-A4F2-E41D95EF997B}.Debug|Any CPU.Build.0 = Debug|Any CPU
		{6A331415-2C41-4B25-A4F2-E41D95EF997B}.Debug|x64.ActiveCfg = Debug|Any CPU
		{6A331415-2C41-4B25-A4F2-E41D95EF997B}.Debug|x64.Build.0 = Debug|Any CPU
		{6A331415-2C41-4B25-A4F2-E41D95EF997B}.Debug|x86.ActiveCfg = Debug|Any CPU
		{6A331415-2C41-4B25-A4F2-E41D95EF997B}.Debug|x86.Build.0 = Debug|Any CPU
		{6A331415-2C41-4B25-A4F2-E41D95EF997B}.Release|Any CPU.ActiveCfg = Release|Any CPU
		{6A331415-2C41-4B25-A4F2-E41D95EF997B}.Release|Any CPU.Build.0 = Release|Any CPU
		{6A331415-2C41-4B25-A4F2-E41D95EF997B}.Release|x64.ActiveCfg = Release|Any CPU
		{6A331415-2C41-4B25-A4F2-E41D95EF997B}.Release|x64.Build.0 = Release|Any CPU
		{6A331415-2C41-4B25-A4F2-E41D95EF997B}.Release|x86.ActiveCfg = Release|Any CPU
		{6A331415-2C41-4B25-A4F2-E41D95EF997B}.Release|x86.Build.0 = Release|Any CPU
		{9C7D4A1E-5F3B-4C8E-A9D1-2E8F6B4C3A7D}.Debug|Any CPU.ActiveCfg = Debug|Any CPU
		{9C7D4A1E-5F3B-4C8E-A9D1-2E8F6B4C3A7D}.Debug|Any CPU.Build.0 = Debug|Any CPU
		{9C7D4A1E-5F3B-4C8E-A9D1-2E8F6B4C3A7D}.Debug|x64.ActiveCfg = Debug|Any CPU
		{9C7D4A1E-5F3B-4C8E-A9D1-2E8F6B4C3A7D}.Debug|x64.Build.0 = Debug|Any CPU
		{9C7D4A1E-5F3B-4C8E-A9D1-2E8F6B4C3A7D}.Debug|x86.ActiveCfg = Debug|Any CPU
		{9C7D4A1E-5F3B-4C8E-A9D1-2E8F6B4C3A7D}.Debug|x86.Build.0 = Debug|Any CPU
		{9C7D4A1E-5F3B-4C8E-A9D1-2E8F6B4C3A7D}.Release|Any CPU.ActiveCfg = Release|Any CPU
		{9C7D4A1E-5F3B-4C8E-A9D1-2E8F6B4C3A7D}.Release|Any CPU.Build.0 = Release|Any CPU
		{9C7D4A1E-5F3B-4C8E-A9D1-2E8F6B4C3A7D}.Release|x64.ActiveCfg = Release|Any CPU
		{9C7D4A1E-5F3B-4C8E-A9D1-2E8F6B4C3A7D}.Release|x64.Build.0 = Release|Any CPU
		{9C7D4A1E-5F3B-4C8E-A9D1-2E8F6B4C3A7D}.Release|x86.ActiveCfg = Release|Any CPU
		{9C7D4A1E-5F3B-4C8E-A9D1-2E8F6B4C3A7D}.Release|x86.Build.0 = Release|Any CPU
	EndGlobalSection
	GlobalSection(SolutionProperties) = preSolution
		HideSolutionNode = FALSE
	EndGlobalSection
	GlobalSection(NestedProjects) = preSolution
		{1640A021-7521-4426-A49A-151B210E4757} = {827E0CD3-B72D-47B6-A68D-7590B98EB39B}
		{257680A8-1819-4C67-8610-F87DA03790C6} = {0AB3BF05-4346-4AA6-1389-037BE0695223}
		{13B66F8F-DE1D-4568-BF06-0E0B26F8459F} = {B36A84DF-456D-A817-6EDD-3EC3E7F6E11F}
		{6A331415-2C41-4B25-A4F2-E41D95EF997B} = {B36A84DF-456D-A817-6EDD-3EC3E7F6E11F}
		{9C7D4A1E-5F3B-4C8E-A9D1-2E8F6B4C3A7D} = {B36A84DF-456D-A817-6EDD-3EC3E7F6E11F}
	EndGlobalSection
EndGlobal
